
Microsoft Visual Studio Solution File, Format Version 12.00
# Visual Studio 14
VisualStudioVersion = 14.0.25420.1
MinimumVisualStudioVersion = 10.0.40219.1
Project("{FAE04EC0-301F-11D3-BF4B-00C04F79EFBC}") = "MyFirstCustomAction", "MyFirstCustomAction\MyFirstCustomAction.csproj", "{9933294E-0345-47E1-B1D9-13620A9A8D2F}"
EndProject
Project("{FAE04EC0-301F-11D3-BF4B-00C04F79EFBC}") = "MyFirstCustomActionWeb", "MyFirstCustomActionWeb\MyFirstCustomActionWeb.csproj", "{7BD7D125-B4ED-4ED4-9C19-85C1A2579326}"
EndProject
Global
	GlobalSection(SolutionConfigurationPlatforms) = preSolution
		Debug|Any CPU = Debug|Any CPU
		Release|Any CPU = Release|Any CPU
	EndGlobalSection
	GlobalSection(ProjectConfigurationPlatforms) = postSolution
		{9933294E-0345-47E1-B1D9-13620A9A8D2F}.Debug|Any CPU.ActiveCfg = Debug|Any CPU
		{9933294E-0345-47E1-B1D9-13620A9A8D2F}.Debug|Any CPU.Build.0 = Debug|Any CPU
		{9933294E-0345-47E1-B1D9-13620A9A8D2F}.Debug|Any CPU.Deploy.0 = Debug|Any CPU
		{9933294E-0345-47E1-B1D9-13620A9A8D2F}.Release|Any CPU.ActiveCfg = Release|Any CPU
		{9933294E-0345-47E1-B1D9-13620A9A8D2F}.Release|Any CPU.Build.0 = Release|Any CPU
		{9933294E-0345-47E1-B1D9-13620A9A8D2F}.Release|Any CPU.Deploy.0 = Release|Any CPU
		{7BD7D125-B4ED-4ED4-9C19-85C1A2579326}.Debug|Any CPU.ActiveCfg = Debug|Any CPU
		{7BD7D125-B4ED-4ED4-9C19-85C1A2579326}.Debug|Any CPU.Build.0 = Debug|Any CPU
		{7BD7D125-B4ED-4ED4-9C19-85C1A2579326}.Release|Any CPU.ActiveCfg = Release|Any CPU
		{7BD7D125-B4ED-4ED4-9C19-85C1A2579326}.Release|Any CPU.Build.0 = Release|Any CPU
	EndGlobalSection
	GlobalSection(SolutionProperties) = preSolution
		HideSolutionNode = FALSE
	EndGlobalSection
EndGlobal
